
Microsoft Visual Studio Solution File, Format Version 12.00
# Visual Studio Version 16
VisualStudioVersion = 16.0.28803.352
MinimumVisualStudioVersion = 10.0.40219.1
Project("{9A19103F-16F7-4668-BE54-9A1E7A4F7556}") = "FunctionAppCSharp", "src\FunctionAppCSharp\FunctionAppCSharp.csproj", "{989BC912-D143-45EB-A788-19016E1E8C8B}"
EndProject
Project("{6EC3EE1D-3C4E-46DD-8F32-0CC8E7565705}") = "FunctionAppFSharp", "src\FunctionAppFSharp\FunctionAppFSharp.fsproj", "{90F024BF-24AA-4B32-B459-48A395CC9EF7}"
EndProject
Project("{FAE04EC0-301F-11D3-BF4B-00C04F79EFBC}") = "ClientCSharp", "src\ClientCSharp\ClientCSharp.csproj", "{FBA7D400-2D74-494A-9B99-F155C4DD6935}"
EndProject
Project("{F2A71F9B-5D33-465A-A702-920D77279786}") = "ClientFSharp", "src\ClientFSharp\ClientFSharp.fsproj", "{0E72F15F-32F1-46BB-81ED-B6E94BD5D1BD}"
EndProject
Global
	GlobalSection(SolutionConfigurationPlatforms) = preSolution
		Debug|Any CPU = Debug|Any CPU
		Release|Any CPU = Release|Any CPU
	EndGlobalSection
	GlobalSection(ProjectConfigurationPlatforms) = postSolution
		{989BC912-D143-45EB-A788-19016E1E8C8B}.Debug|Any CPU.ActiveCfg = Debug|Any CPU
		{989BC912-D143-45EB-A788-19016E1E8C8B}.Debug|Any CPU.Build.0 = Debug|Any CPU
		{989BC912-D143-45EB-A788-19016E1E8C8B}.Release|Any CPU.ActiveCfg = Release|Any CPU
		{989BC912-D143-45EB-A788-19016E1E8C8B}.Release|Any CPU.Build.0 = Release|Any CPU
		{90F024BF-24AA-4B32-B459-48A395CC9EF7}.Debug|Any CPU.ActiveCfg = Debug|Any CPU
		{90F024BF-24AA-4B32-B459-48A395CC9EF7}.Debug|Any CPU.Build.0 = Debug|Any CPU
		{90F024BF-24AA-4B32-B459-48A395CC9EF7}.Release|Any CPU.ActiveCfg = Release|Any CPU
		{90F024BF-24AA-4B32-B459-48A395CC9EF7}.Release|Any CPU.Build.0 = Release|Any CPU
		{FBA7D400-2D74-494A-9B99-F155C4DD6935}.Debug|Any CPU.ActiveCfg = Debug|Any CPU
		{FBA7D400-2D74-494A-9B99-F155C4DD6935}.Debug|Any CPU.Build.0 = Debug|Any CPU
		{FBA7D400-2D74-494A-9B99-F155C4DD6935}.Release|Any CPU.ActiveCfg = Release|Any CPU
		{FBA7D400-2D74-494A-9B99-F155C4DD6935}.Release|Any CPU.Build.0 = Release|Any CPU
		{0E72F15F-32F1-46BB-81ED-B6E94BD5D1BD}.Debug|Any CPU.ActiveCfg = Debug|Any CPU
		{0E72F15F-32F1-46BB-81ED-B6E94BD5D1BD}.Debug|Any CPU.Build.0 = Debug|Any CPU
		{0E72F15F-32F1-46BB-81ED-B6E94BD5D1BD}.Release|Any CPU.ActiveCfg = Release|Any CPU
		{0E72F15F-32F1-46BB-81ED-B6E94BD5D1BD}.Release|Any CPU.Build.0 = Release|Any CPU
	EndGlobalSection
	GlobalSection(SolutionProperties) = preSolution
		HideSolutionNode = FALSE
	EndGlobalSection
	GlobalSection(ExtensibilityGlobals) = postSolution
		SolutionGuid = {E1C2763C-22BF-423A-A9B3-4CA6E905B32B}
	EndGlobalSection
EndGlobal
